# This file is generated by running "yarn install" inside your project.
# Manual changes might be lost - proceed with caution!

__metadata:
  version: 6
  cacheKey: 8

"@babel/runtime@npm:^7.10.5":
  version: 7.22.0
  resolution: "@babel/runtime@npm:7.22.0"
  dependencies:
    regenerator-runtime: ^0.13.11
  checksum: fa60a963f33de98baf55179b8b4b986d7ed4b97ec4f725e976fd3ecd6f3005096d9df4ef3cd4a6ce46105d619c7cb086567bcf272e4596a63e66ef9b36463bcb
  languageName: node
  linkType: hard

"@next/env@npm:12.3.4":
  version: 12.3.4
  resolution: "@next/env@npm:12.3.4"
  checksum: daa3fc11efd1344c503eab41311a0e503ba7fd08607eeb3dc571036a6211eb37959cc4ed48b71dcc411cc214e7623ffd02411080aad3e09dc6a1192d5b256e60
  languageName: node
  linkType: hard

"@next/swc-android-arm-eabi@npm:12.3.4":
  version: 12.3.4
  resolution: "@next/swc-android-arm-eabi@npm:12.3.4"
  conditions: os=android & cpu=arm
  languageName: node
  linkType: hard

"@next/swc-android-arm64@npm:12.3.4":
  version: 12.3.4
  resolution: "@next/swc-android-arm64@npm:12.3.4"
  conditions: os=android & cpu=arm64
  languageName: node
  linkType: hard

"@next/swc-darwin-arm64@npm:12.3.4":
  version: 12.3.4
  resolution: "@next/swc-darwin-arm64@npm:12.3.4"
  conditions: os=darwin & cpu=arm64
  languageName: node
  linkType: hard

"@next/swc-darwin-x64@npm:12.3.4":
  version: 12.3.4
  resolution: "@next/swc-darwin-x64@npm:12.3.4"
  conditions: os=darwin & cpu=x64
  languageName: node
  linkType: hard

"@next/swc-freebsd-x64@npm:12.3.4":
  version: 12.3.4
  resolution: "@next/swc-freebsd-x64@npm:12.3.4"
  conditions: os=freebsd & cpu=x64
  languageName: node
  linkType: hard

"@next/swc-linux-arm-gnueabihf@npm:12.3.4":
  version: 12.3.4
  resolution: "@next/swc-linux-arm-gnueabihf@npm:12.3.4"
  conditions: os=linux & cpu=arm
  languageName: node
  linkType: hard

"@next/swc-linux-arm64-gnu@npm:12.3.4":
  version: 12.3.4
  resolution: "@next/swc-linux-arm64-gnu@npm:12.3.4"
  conditions: os=linux & cpu=arm64 & libc=glibc
  languageName: node
  linkType: hard

"@next/swc-linux-arm64-musl@npm:12.3.4":
  version: 12.3.4
  resolution: "@next/swc-linux-arm64-musl@npm:12.3.4"
  conditions: os=linux & cpu=arm64 & libc=musl
  languageName: node
  linkType: hard

"@next/swc-linux-x64-gnu@npm:12.3.4":
  version: 12.3.4
  resolution: "@next/swc-linux-x64-gnu@npm:12.3.4"
  conditions: os=linux & cpu=x64 & libc=glibc
  languageName: node
  linkType: hard

"@next/swc-linux-x64-musl@npm:12.3.4":
  version: 12.3.4
  resolution: "@next/swc-linux-x64-musl@npm:12.3.4"
  conditions: os=linux & cpu=x64 & libc=musl
  languageName: node
  linkType: hard

"@next/swc-win32-arm64-msvc@npm:12.3.4":
  version: 12.3.4
  resolution: "@next/swc-win32-arm64-msvc@npm:12.3.4"
  conditions: os=win32 & cpu=arm64
  languageName: node
  linkType: hard

"@next/swc-win32-ia32-msvc@npm:12.3.4":
  version: 12.3.4
  resolution: "@next/swc-win32-ia32-msvc@npm:12.3.4"
  conditions: os=win32 & cpu=ia32
  languageName: node
  linkType: hard

"@next/swc-win32-x64-msvc@npm:12.3.4":
  version: 12.3.4
  resolution: "@next/swc-win32-x64-msvc@npm:12.3.4"
  conditions: os=win32 & cpu=x64
  languageName: node
  linkType: hard

"@swc/helpers@npm:0.4.11":
  version: 0.4.11
  resolution: "@swc/helpers@npm:0.4.11"
  dependencies:
    tslib: ^2.4.0
  checksum: 736857d524b41a8a4db81094e9b027f554004e0fa3e86325d85bdb38f7e6459ce022db079edb6c61ba0f46fe8583b3e663e95f7acbd13e51b8da6c34e45bba2e
  languageName: node
  linkType: hard

"app@workspace:.":
  version: 0.0.0-use.local
  resolution: "app@workspace:."
  dependencies:
    formik: latest
    next: ^12.0.0
    react: ^17.0.1
    react-dom: ^17.0.1
    typescript: ^4.0.0
    yup: ^0.29.3
  languageName: unknown
  linkType: soft

"caniuse-lite@npm:^1.0.30001406":
  version: 1.0.30001489
  resolution: "caniuse-lite@npm:1.0.30001489"
  checksum: 94585a351fd7661b855c83eace474db0ee5a617159b46f2eff1f6fe4b85d7a205418471fdec8cf5cd647a7f79958706d5e664c0bbf3c7c09118b35db9bb95a1b
  languageName: node
  linkType: hard

"deepmerge@npm:^2.1.1":
  version: 2.2.1
  resolution: "deepmerge@npm:2.2.1"
  checksum: 284b71065079e66096229f735a9a0222463c9ca9ee9dda7d5e9a0545bf254906dbc7377e3499ca3b2212073672b1a430d80587993b43b87d8de17edc6af649a8
  languageName: node
  linkType: hard

"fn-name@npm:~3.0.0":
  version: 3.0.0
  resolution: "fn-name@npm:3.0.0"
  checksum: 3cfe9bfadb65af582624fb17f8d491eac3d122ff8ecf9debb5994cb243131697b88903a737563cbc7d8a919716bd5f53ed8cb87bdfe124744a0d8a690531b4c2
  languageName: node
  linkType: hard

formik@latest:
  version: 2.4.0
  resolution: "formik@npm:2.4.0"
  dependencies:
    deepmerge: ^2.1.1
    hoist-non-react-statics: ^3.3.0
    lodash: ^4.17.21
    lodash-es: ^4.17.21
    react-fast-compare: ^2.0.1
    tiny-warning: ^1.0.2
    tslib: ^1.10.0
  peerDependencies:
    react: ">=16.8.0"
  checksum: 54ada391af4e59f6439ac3492f66fbe562523de585b47b7169964d7f32b2ed03d8bfe485e7a14bd69ae5e76a77aa8cebd950a7a64822b77822a43b7801096ac2
  languageName: node
  linkType: hard

"hoist-non-react-statics@npm:^3.3.0":
  version: 3.3.2
  resolution: "hoist-non-react-statics@npm:3.3.2"
  dependencies:
    react-is: ^16.7.0
  checksum: b1538270429b13901ee586aa44f4cc3ecd8831c061d06cb8322e50ea17b3f5ce4d0e2e66394761e6c8e152cd8c34fb3b4b690116c6ce2bd45b18c746516cb9e8
  languageName: node
  linkType: hard

"js-tokens@npm:^3.0.0 || ^4.0.0":
  version: 4.0.0
  resolution: "js-tokens@npm:4.0.0"
  checksum: 8a95213a5a77deb6cbe94d86340e8d9ace2b93bc367790b260101d2f36a2eaf4e4e22d9fa9cf459b38af3a32fb4190e638024cf82ec95ef708680e405ea7cc78
  languageName: node
  linkType: hard

"lodash-es@npm:^4.17.11, lodash-es@npm:^4.17.21":
  version: 4.17.21
  resolution: "lodash-es@npm:4.17.21"
  checksum: 05cbffad6e2adbb331a4e16fbd826e7faee403a1a04873b82b42c0f22090f280839f85b95393f487c1303c8a3d2a010048bf06151a6cbe03eee4d388fb0a12d2
  languageName: node
  linkType: hard

"lodash@npm:^4.17.15, lodash@npm:^4.17.21":
  version: 4.17.21
  resolution: "lodash@npm:4.17.21"
  checksum: eb835a2e51d381e561e508ce932ea50a8e5a68f4ebdd771ea240d3048244a8d13658acbd502cd4829768c56f2e16bdd4340b9ea141297d472517b83868e677f7
  languageName: node
  linkType: hard

"loose-envify@npm:^1.1.0":
  version: 1.4.0
  resolution: "loose-envify@npm:1.4.0"
  dependencies:
    js-tokens: ^3.0.0 || ^4.0.0
  bin:
    loose-envify: cli.js
  checksum: 6517e24e0cad87ec9888f500c5b5947032cdfe6ef65e1c1936a0c48a524b81e65542c9c3edc91c97d5bddc806ee2a985dbc79be89215d613b1de5db6d1cfe6f4
  languageName: node
  linkType: hard

"nanoid@npm:^3.3.4":
  version: 3.3.6
  resolution: "nanoid@npm:3.3.6"
  bin:
    nanoid: bin/nanoid.cjs
  checksum: 7d0eda657002738aa5206107bd0580aead6c95c460ef1bdd0b1a87a9c7ae6277ac2e9b945306aaa5b32c6dcb7feaf462d0f552e7f8b5718abfc6ead5c94a71b3
  languageName: node
  linkType: hard

"next@npm:^12.0.0":
  version: 12.3.4
  resolution: "next@npm:12.3.4"
  dependencies:
    "@next/env": 12.3.4
    "@next/swc-android-arm-eabi": 12.3.4
    "@next/swc-android-arm64": 12.3.4
    "@next/swc-darwin-arm64": 12.3.4
    "@next/swc-darwin-x64": 12.3.4
    "@next/swc-freebsd-x64": 12.3.4
    "@next/swc-linux-arm-gnueabihf": 12.3.4
    "@next/swc-linux-arm64-gnu": 12.3.4
    "@next/swc-linux-arm64-musl": 12.3.4
    "@next/swc-linux-x64-gnu": 12.3.4
    "@next/swc-linux-x64-musl": 12.3.4
    "@next/swc-win32-arm64-msvc": 12.3.4
    "@next/swc-win32-ia32-msvc": 12.3.4
    "@next/swc-win32-x64-msvc": 12.3.4
    "@swc/helpers": 0.4.11
    caniuse-lite: ^1.0.30001406
    postcss: 8.4.14
    styled-jsx: 5.0.7
    use-sync-external-store: 1.2.0
  peerDependencies:
    fibers: ">= 3.1.0"
    node-sass: ^6.0.0 || ^7.0.0
    react: ^17.0.2 || ^18.0.0-0
    react-dom: ^17.0.2 || ^18.0.0-0
    sass: ^1.3.0
  dependenciesMeta:
    "@next/swc-android-arm-eabi":
      optional: true
    "@next/swc-android-arm64":
      optional: true
    "@next/swc-darwin-arm64":
      optional: true
    "@next/swc-darwin-x64":
      optional: true
    "@next/swc-freebsd-x64":
      optional: true
    "@next/swc-linux-arm-gnueabihf":
      optional: true
    "@next/swc-linux-arm64-gnu":
      optional: true
    "@next/swc-linux-arm64-musl":
      optional: true
    "@next/swc-linux-x64-gnu":
      optional: true
    "@next/swc-linux-x64-musl":
      optional: true
    "@next/swc-win32-arm64-msvc":
      optional: true
    "@next/swc-win32-ia32-msvc":
      optional: true
    "@next/swc-win32-x64-msvc":
      optional: true
  peerDependenciesMeta:
    fibers:
      optional: true
    node-sass:
      optional: true
    sass:
      optional: true
  bin:
    next: dist/bin/next
  checksum: d96fc4f5bcd5a630d74111519f4820dcbd75dddf16c6d00d2167bd3cb8d74965d46d83c8e5ec301bf999013c7d96f1bfff9424f0221317d68b594c4d01f5825e
  languageName: node
  linkType: hard

"object-assign@npm:^4.1.1":
  version: 4.1.1
  resolution: "object-assign@npm:4.1.1"
  checksum: fcc6e4ea8c7fe48abfbb552578b1c53e0d194086e2e6bbbf59e0a536381a292f39943c6e9628af05b5528aa5e3318bb30d6b2e53cadaf5b8fe9e12c4b69af23f
  languageName: node
  linkType: hard

"picocolors@npm:^1.0.0":
  version: 1.0.0
  resolution: "picocolors@npm:1.0.0"
  checksum: a2e8092dd86c8396bdba9f2b5481032848525b3dc295ce9b57896f931e63fc16f79805144321f72976383fc249584672a75cc18d6777c6b757603f372f745981
  languageName: node
  linkType: hard

"postcss@npm:8.4.14":
  version: 8.4.14
  resolution: "postcss@npm:8.4.14"
  dependencies:
    nanoid: ^3.3.4
    picocolors: ^1.0.0
    source-map-js: ^1.0.2
  checksum: fe58766ff32e4becf65a7d57678995cfd239df6deed2fe0557f038b47c94e4132e7e5f68b5aa820c13adfec32e523b693efaeb65798efb995ce49ccd83953816
  languageName: node
  linkType: hard

"property-expr@npm:^2.0.2":
  version: 2.0.5
  resolution: "property-expr@npm:2.0.5"
  checksum: 4ebe82ce45aaf1527e96e2ab84d75d25217167ec3ff6378cf83a84fb4abc746e7c65768a79d275881602ae82f168f9a6dfaa7f5e331d0fcc83d692770bcce5f1
  languageName: node
  linkType: hard

"react-dom@npm:^17.0.1":
  version: 17.0.2
  resolution: "react-dom@npm:17.0.2"
  dependencies:
    loose-envify: ^1.1.0
    object-assign: ^4.1.1
    scheduler: ^0.20.2
  peerDependencies:
    react: 17.0.2
  checksum: 1c1eaa3bca7c7228d24b70932e3d7c99e70d1d04e13bb0843bbf321582bc25d7961d6b8a6978a58a598af2af496d1cedcfb1bf65f6b0960a0a8161cb8dab743c
  languageName: node
  linkType: hard

"react-fast-compare@npm:^2.0.1":
  version: 2.0.4
  resolution: "react-fast-compare@npm:2.0.4"
  checksum: 06046595f90a4e3e3a56f40a8078c00aa71bdb064ddb98343f577f546aa22e888831fd45f009c93b34707cc842b4c637737e956fd13d6f80607ee92fb9cf9a1c
  languageName: node
  linkType: hard

"react-is@npm:^16.7.0":
  version: 16.13.1
  resolution: "react-is@npm:16.13.1"
  checksum: f7a19ac3496de32ca9ae12aa030f00f14a3d45374f1ceca0af707c831b2a6098ef0d6bdae51bd437b0a306d7f01d4677fcc8de7c0d331eb47ad0f46130e53c5f
  languageName: node
  linkType: hard

"react@npm:^17.0.1":
  version: 17.0.2
  resolution: "react@npm:17.0.2"
  dependencies:
    loose-envify: ^1.1.0
    object-assign: ^4.1.1
  checksum: b254cc17ce3011788330f7bbf383ab653c6848902d7936a87b09d835d091e3f295f7e9dd1597c6daac5dc80f90e778c8230218ba8ad599f74adcc11e33b9d61b
  languageName: node
  linkType: hard

"regenerator-runtime@npm:^0.13.11":
  version: 0.13.11
  resolution: "regenerator-runtime@npm:0.13.11"
  checksum: 27481628d22a1c4e3ff551096a683b424242a216fee44685467307f14d58020af1e19660bf2e26064de946bad7eff28950eae9f8209d55723e2d9351e632bbb4
  languageName: node
  linkType: hard

"scheduler@npm:^0.20.2":
  version: 0.20.2
  resolution: "scheduler@npm:0.20.2"
  dependencies:
    loose-envify: ^1.1.0
    object-assign: ^4.1.1
  checksum: c4b35cf967c8f0d3e65753252d0f260271f81a81e427241295c5a7b783abf4ea9e905f22f815ab66676f5313be0a25f47be582254db8f9241b259213e999b8fc
  languageName: node
  linkType: hard

"source-map-js@npm:^1.0.2":
  version: 1.0.2
  resolution: "source-map-js@npm:1.0.2"
  checksum: c049a7fc4deb9a7e9b481ae3d424cc793cb4845daa690bc5a05d428bf41bf231ced49b4cf0c9e77f9d42fdb3d20d6187619fc586605f5eabe995a316da8d377c
  languageName: node
  linkType: hard

"styled-jsx@npm:5.0.7":
  version: 5.0.7
  resolution: "styled-jsx@npm:5.0.7"
  peerDependencies:
    react: ">= 16.8.0 || 17.x.x || ^18.0.0-0"
  peerDependenciesMeta:
    "@babel/core":
      optional: true
    babel-plugin-macros:
      optional: true
  checksum: 61959993915f4b1662a682dbbefb3512de9399cf6901969bcadd26ba5441d2b5ca5c1021b233bbd573da2541b41efb45d56c6f618dbc8d88a381ebc62461fefe
  languageName: node
  linkType: hard

"synchronous-promise@npm:^2.0.13":
  version: 2.0.17
  resolution: "synchronous-promise@npm:2.0.17"
  checksum: 7b1342c93741f3f92ebde1edf5d6ce8dde2278de948d84e9bd85e232c16c0d77c90c4940f9975be3effcb20f047cfb0f16fa311c3b4e092c22f3bf2889fb0fb4
  languageName: node
  linkType: hard

"tiny-warning@npm:^1.0.2":
  version: 1.0.3
  resolution: "tiny-warning@npm:1.0.3"
  checksum: da62c4acac565902f0624b123eed6dd3509bc9a8d30c06e017104bedcf5d35810da8ff72864400ad19c5c7806fc0a8323c68baf3e326af7cb7d969f846100d71
  languageName: node
  linkType: hard

"toposort@npm:^2.0.2":
  version: 2.0.2
  resolution: "toposort@npm:2.0.2"
  checksum: d64c74b570391c9432873f48e231b439ee56bc49f7cb9780b505cfdf5cb832f808d0bae072515d93834dd6bceca5bb34448b5b4b408335e4d4716eaf68195dcb
  languageName: node
  linkType: hard

"tslib@npm:^1.10.0":
  version: 1.14.1
  resolution: "tslib@npm:1.14.1"
  checksum: dbe628ef87f66691d5d2959b3e41b9ca0045c3ee3c7c7b906cc1e328b39f199bb1ad9e671c39025bd56122ac57dfbf7385a94843b1cc07c60a4db74795829acd
  languageName: node
  linkType: hard

"tslib@npm:^2.4.0":
  version: 2.5.2
  resolution: "tslib@npm:2.5.2"
  checksum: 4d3c1e238b94127ed0e88aa0380db3c2ddae581dc0f4bae5a982345e9f50ee5eda90835b8bfba99b02df10a5734470be197158c36f9129ac49fdc14a6a9da222
  languageName: node
  linkType: hard

"typescript@npm:^4.0.0":
  version: 4.9.5
  resolution: "typescript@npm:4.9.5"
  bin:
    tsc: bin/tsc
    tsserver: bin/tsserver
  checksum: ee000bc26848147ad423b581bd250075662a354d84f0e06eb76d3b892328d8d4440b7487b5a83e851b12b255f55d71835b008a66cbf8f255a11e4400159237db
  languageName: node
  linkType: hard

"typescript@patch:typescript@^4.0.0#~builtin<compat/typescript>":
  version: 4.9.5
  resolution: "typescript@patch:typescript@npm%3A4.9.5#~builtin<compat/typescript>::version=4.9.5&hash=289587"
  bin:
    tsc: bin/tsc
    tsserver: bin/tsserver
  checksum: 1f8f3b6aaea19f0f67cba79057674ba580438a7db55057eb89cc06950483c5d632115c14077f6663ea76fd09fce3c190e6414bb98582ec80aa5a4eaf345d5b68
  languageName: node
  linkType: hard

"use-sync-external-store@npm:1.2.0":
  version: 1.2.0
  resolution: "use-sync-external-store@npm:1.2.0"
  peerDependencies:
    react: ^16.8.0 || ^17.0.0 || ^18.0.0
  checksum: 5c639e0f8da3521d605f59ce5be9e094ca772bd44a4ce7322b055a6f58eeed8dda3c94cabd90c7a41fb6fa852210092008afe48f7038792fd47501f33299116a
  languageName: node
  linkType: hard

"yup@npm:^0.29.3":
  version: 0.29.3
  resolution: "yup@npm:0.29.3"
  dependencies:
    "@babel/runtime": ^7.10.5
    fn-name: ~3.0.0
    lodash: ^4.17.15
    lodash-es: ^4.17.11
    property-expr: ^2.0.2
    synchronous-promise: ^2.0.13
    toposort: ^2.0.2
  checksum: ec7297457ed8a8ccbd7751c4f312a6e651fa5eeb62338d59c6c972f2e6f91d0ce9c7c4026c654afd7bf9fb5b3b651759d5ff5e6621562383390b366048edb5be
  languageName: node
  linkType: hard
